
Microsoft Visual Studio Solution File, Format Version 12.00
# Visual Studio 15
VisualStudioVersion = 15.0.26124.0
MinimumVisualStudioVersion = 15.0.26124.0
Project("{2150E333-8FDC-42A3-9474-1A3956D46DE8}") = "src", "src", "{2A9992D6-FF92-405B-AB2F-61E30E90CE86}"
EndProject
Project("{FAE04EC0-301F-11D3-BF4B-00C04F79EFBC}") = "SignUp", "src\SignUp\SignUp.csproj", "{4E5885C9-CB71-449C-B9C2-EBB4E2FCC69C}"
EndProject
Project("{2150E333-8FDC-42A3-9474-1A3956D46DE8}") = "tests", "tests", "{8963A449-4798-4EBB-B35B-FD73276E395C}"
EndProject
Project("{FAE04EC0-301F-11D3-BF4B-00C04F79EFBC}") = "SignUp.Tests", "tests\SignUp.Tests\SignUp.Tests.csproj", "{4E4FAA01-AE98-4EF9-A5AE-E026E78F585D}"
EndProject
Global
	GlobalSection(SolutionConfigurationPlatforms) = preSolution
		Debug|Any CPU = Debug|Any CPU
		Debug|x64 = Debug|x64
		Debug|x86 = Debug|x86
		Release|Any CPU = Release|Any CPU
		Release|x64 = Release|x64
		Release|x86 = Release|x86
	EndGlobalSection
	GlobalSection(SolutionProperties) = preSolution
		HideSolutionNode = FALSE
	EndGlobalSection
	GlobalSection(ProjectConfigurationPlatforms) = postSolution
		{4E5885C9-CB71-449C-B9C2-EBB4E2FCC69C}.Debug|Any CPU.ActiveCfg = Debug|Any CPU
		{4E5885C9-CB71-449C-B9C2-EBB4E2FCC69C}.Debug|Any CPU.Build.0 = Debug|Any CPU
		{4E5885C9-CB71-449C-B9C2-EBB4E2FCC69C}.Debug|x64.ActiveCfg = Debug|x64
		{4E5885C9-CB71-449C-B9C2-EBB4E2FCC69C}.Debug|x64.Build.0 = Debug|x64
		{4E5885C9-CB71-449C-B9C2-EBB4E2FCC69C}.Debug|x86.ActiveCfg = Debug|x86
		{4E5885C9-CB71-449C-B9C2-EBB4E2FCC69C}.Debug|x86.Build.0 = Debug|x86
		{4E5885C9-CB71-449C-B9C2-EBB4E2FCC69C}.Release|Any CPU.ActiveCfg = Release|Any CPU
		{4E5885C9-CB71-449C-B9C2-EBB4E2FCC69C}.Release|Any CPU.Build.0 = Release|Any CPU
		{4E5885C9-CB71-449C-B9C2-EBB4E2FCC69C}.Release|x64.ActiveCfg = Release|x64
		{4E5885C9-CB71-449C-B9C2-EBB4E2FCC69C}.Release|x64.Build.0 = Release|x64
		{4E5885C9-CB71-449C-B9C2-EBB4E2FCC69C}.Release|x86.ActiveCfg = Release|x86
		{4E5885C9-CB71-449C-B9C2-EBB4E2FCC69C}.Release|x86.Build.0 = Release|x86
		{4E4FAA01-AE98-4EF9-A5AE-E026E78F585D}.Debug|Any CPU.ActiveCfg = Debug|Any CPU
		{4E4FAA01-AE98-4EF9-A5AE-E026E78F585D}.Debug|Any CPU.Build.0 = Debug|Any CPU
		{4E4FAA01-AE98-4EF9-A5AE-E026E78F585D}.Debug|x64.ActiveCfg = Debug|x64
		{4E4FAA01-AE98-4EF9-A5AE-E026E78F585D}.Debug|x64.Build.0 = Debug|x64
		{4E4FAA01-AE98-4EF9-A5AE-E026E78F585D}.Debug|x86.ActiveCfg = Debug|x86
		{4E4FAA01-AE98-4EF9-A5AE-E026E78F585D}.Debug|x86.Build.0 = Debug|x86
		{4E4FAA01-AE98-4EF9-A5AE-E026E78F585D}.Release|Any CPU.ActiveCfg = Release|Any CPU
		{4E4FAA01-AE98-4EF9-A5AE-E026E78F585D}.Release|Any CPU.Build.0 = Release|Any CPU
		{4E4FAA01-AE98-4EF9-A5AE-E026E78F585D}.Release|x64.ActiveCfg = Release|x64
		{4E4FAA01-AE98-4EF9-A5AE-E026E78F585D}.Release|x64.Build.0 = Release|x64
		{4E4FAA01-AE98-4EF9-A5AE-E026E78F585D}.Release|x86.ActiveCfg = Release|x86
		{4E4FAA01-AE98-4EF9-A5AE-E026E78F585D}.Release|x86.Build.0 = Release|x86
	EndGlobalSection
	GlobalSection(NestedProjects) = preSolution
		{4E5885C9-CB71-449C-B9C2-EBB4E2FCC69C} = {2A9992D6-FF92-405B-AB2F-61E30E90CE86}
		{4E4FAA01-AE98-4EF9-A5AE-E026E78F585D} = {8963A449-4798-4EBB-B35B-FD73276E395C}
	EndGlobalSection
EndGlobal
